
Microsoft Visual Studio Solution File, Format Version 12.00
# Visual Studio Version 17
VisualStudioVersion = 17.2.32526.322
MinimumVisualStudioVersion = 10.0.40219.1
Project("{FAE04EC0-301F-11D3-BF4B-00C04F79EFBC}") = "Gui-frm", "frmlogin\Gui-frm.csproj", "{F1A1A11B-36C0-4F2D-AE1A-50B8E6EEE860}"
EndProject
Project("{2150E333-8FDC-42A3-9474-1A3956D46DE8}") = "Solution Items", "Solution Items", "{3E31D9DF-9E0A-4935-B9AD-45CA8D41EF6F}"
	ProjectSection(SolutionItems) = preProject
		.editorconfig = .editorconfig
	EndProjectSection
EndProject
Global
	GlobalSection(SolutionConfigurationPlatforms) = preSolution
		Debug|Any CPU = Debug|Any CPU
		Release|Any CPU = Release|Any CPU
	EndGlobalSection
	GlobalSection(ProjectConfigurationPlatforms) = postSolution
		{F1A1A11B-36C0-4F2D-AE1A-50B8E6EEE860}.Debug|Any CPU.ActiveCfg = Debug|Any CPU
		{F1A1A11B-36C0-4F2D-AE1A-50B8E6EEE860}.Debug|Any CPU.Build.0 = Debug|Any CPU
		{F1A1A11B-36C0-4F2D-AE1A-50B8E6EEE860}.Release|Any CPU.ActiveCfg = Release|Any CPU
		{F1A1A11B-36C0-4F2D-AE1A-50B8E6EEE860}.Release|Any CPU.Build.0 = Release|Any CPU
	EndGlobalSection
	GlobalSection(SolutionProperties) = preSolution
		HideSolutionNode = FALSE
	EndGlobalSection
	GlobalSection(ExtensibilityGlobals) = postSolution
		SolutionGuid = {ED88B382-ABD9-4612-AFF3-4CBBC6168977}
	EndGlobalSection
EndGlobal
